
Microsoft Visual Studio Solution File, Format Version 12.00
# Visual Studio Version 16
VisualStudioVersion = 16.0.29009.5
MinimumVisualStudioVersion = 10.0.40219.1
Project("{8BC9CEB8-8B4A-11D0-8D11-00A0C91BC942}") = "HongLecture", "HongLecture\HongLecture.vcxproj", "{979D986E-8DCD-418E-9BF3-13C77EA601B4}"
EndProject
Project("{8BC9CEB8-8B4A-11D0-8D11-00A0C91BC942}") = "5.1", "5.1\5.1.vcxproj", "{F070864D-4A98-4316-8130-F19347648084}"
EndProject
Project("{8BC9CEB8-8B4A-11D0-8D11-00A0C91BC942}") = "5.2", "5.2\5.2.vcxproj", "{E8DAF9BC-F0DA-4AB8-9458-0D3204DFD89B}"
EndProject
Project("{8BC9CEB8-8B4A-11D0-8D11-00A0C91BC942}") = "5.3", "5.3\5.3.vcxproj", "{0454EBD4-58D6-42DA-A7B4-2B0BB42D7680}"
EndProject
Project("{8BC9CEB8-8B4A-11D0-8D11-00A0C91BC942}") = "5.5", "5.5\5.5.vcxproj", "{95F1EFEC-3E7F-4A60-A4FB-01DAD841569B}"
EndProject
Project("{8BC9CEB8-8B4A-11D0-8D11-00A0C91BC942}") = "5.7", "5.7\5.7.vcxproj", "{2A8D6098-856A-433C-9C74-721A9C35F686}"
EndProject
Project("{8BC9CEB8-8B4A-11D0-8D11-00A0C91BC942}") = "5.8", "5.8\5.8.vcxproj", "{D0D36882-205D-48A8-A817-4342F5274D01}"
EndProject
Project("{8BC9CEB8-8B4A-11D0-8D11-00A0C91BC942}") = "5.9", "5.9\5.9.vcxproj", "{FA37AFEB-2573-4CEA-B550-C03A3800EADE}"
EndProject
Project("{8BC9CEB8-8B4A-11D0-8D11-00A0C91BC942}") = "5.10", "5.10\5.10.vcxproj", "{FDDC6F9A-5ACC-488A-B696-F5322ED493C0}"
EndProject
Project("{8BC9CEB8-8B4A-11D0-8D11-00A0C91BC942}") = "6.1", "6.1\6.1.vcxproj", "{77DDC21A-BD21-4E71-8A4B-55D9EE6DEB4C}"
EndProject
Project("{8BC9CEB8-8B4A-11D0-8D11-00A0C91BC942}") = "6.2", "6.2\6.2.vcxproj", "{1D5D0A23-3134-439A-AC34-23A3F7DF7595}"
EndProject
Project("{8BC9CEB8-8B4A-11D0-8D11-00A0C91BC942}") = "6.3", "6.3\6.3.vcxproj", "{EB64C73E-B998-494E-A164-6D84C0AC35D4}"
EndProject
Project("{8BC9CEB8-8B4A-11D0-8D11-00A0C91BC942}") = "6.4", "6.4\6.4.vcxproj", "{1BA9020B-FC44-4875-858F-7DE8872CE4A4}"
EndProject
Project("{8BC9CEB8-8B4A-11D0-8D11-00A0C91BC942}") = "6.5", "6.5\6.5.vcxproj", "{6A6D7995-4078-4A94-84F5-EAFAAFAC583B}"
EndProject
Project("{8BC9CEB8-8B4A-11D0-8D11-00A0C91BC942}") = "6.6", "6.6\6.6.vcxproj", "{88FCA21D-7D42-4017-B60A-E9009D6AD23C}"
EndProject
Project("{8BC9CEB8-8B4A-11D0-8D11-00A0C91BC942}") = "6.7", "6.7\6.7.vcxproj", "{1F0CA987-F577-4A6B-8FE9-55D4C75C38AF}"
EndProject
Project("{8BC9CEB8-8B4A-11D0-8D11-00A0C91BC942}") = "6.7a", "6.7a\6.7a.vcxproj", "{B1DB809E-09B1-462B-A2FF-CD0D96BCB4B9}"
EndProject
Project("{8BC9CEB8-8B4A-11D0-8D11-00A0C91BC942}") = "6.8", "6.8\6.8.vcxproj", "{D9D30D82-F21C-4E85-B595-B544A86CE2FF}"
EndProject
Project("{8BC9CEB8-8B4A-11D0-8D11-00A0C91BC942}") = "6.9", "6.9\6.9.vcxproj", "{4AEBE1BB-3DF6-453C-B2B1-CEDBFE474BA1}"
EndProject
Project("{8BC9CEB8-8B4A-11D0-8D11-00A0C91BC942}") = "6.10", "6.10\6.10.vcxproj", "{D8E2EC27-CFB8-41F3-940A-FCC10969C137}"
EndProject
Project("{8BC9CEB8-8B4A-11D0-8D11-00A0C91BC942}") = "6.11", "6.11\6.11.vcxproj", "{E4CE5E8E-8CC6-43E4-ADF0-2725FED8B990}"
EndProject
Project("{8BC9CEB8-8B4A-11D0-8D11-00A0C91BC942}") = "6.12", "6.12\6.12.vcxproj", "{1FCED77B-DADC-444B-871A-D06EAE1058B4}"
EndProject
Project("{8BC9CEB8-8B4A-11D0-8D11-00A0C91BC942}") = "6.13", "6.13\6.13.vcxproj", "{E6F503A0-9B3D-446B-B18E-0DA93207DB41}"
EndProject
Project("{8BC9CEB8-8B4A-11D0-8D11-00A0C91BC942}") = "6.14", "6.14\6.14.vcxproj", "{885B732D-1326-4056-BD2D-07309AE13D73}"
EndProject
Project("{8BC9CEB8-8B4A-11D0-8D11-00A0C91BC942}") = "6.15", "6.15\6.15.vcxproj", "{96A273D9-4CDC-499F-B7BE-06B7F014922C}"
EndProject
Project("{8BC9CEB8-8B4A-11D0-8D11-00A0C91BC942}") = "6.16", "6.16\6.16.vcxproj", "{4DA0FE54-E2BD-4573-BE8F-9A1749D78DBB}"
EndProject
Project("{8BC9CEB8-8B4A-11D0-8D11-00A0C91BC942}") = "6.17", "6.17\6.17.vcxproj", "{8593C056-1059-4081-8F7A-893BF334A576}"
EndProject
Project("{8BC9CEB8-8B4A-11D0-8D11-00A0C91BC942}") = "6.18", "6.18\6.18.vcxproj", "{FE94B979-0BCB-4204-855A-58F6079774C0}"
EndProject
Project("{8BC9CEB8-8B4A-11D0-8D11-00A0C91BC942}") = "6.19", "6.19\6.19.vcxproj", "{0FF3B9B5-DFE7-4FAA-B3B8-5F7E4032A9D9}"
EndProject
Project("{8BC9CEB8-8B4A-11D0-8D11-00A0C91BC942}") = "6.20", "6.20\6.20.vcxproj", "{7125D19D-7B9D-4A8D-BBA2-36A809773FF9}"
EndProject
Project("{8BC9CEB8-8B4A-11D0-8D11-00A0C91BC942}") = "6.21", "6.21\6.21.vcxproj", "{2F875AE4-B96E-4287-B88B-563D8A3518AC}"
EndProject
Project("{8BC9CEB8-8B4A-11D0-8D11-00A0C91BC942}") = "7.1", "7.1\7.1.vcxproj", "{9501ACE6-D13B-4F20-99E8-C7A7BD2F8551}"
EndProject
Project("{8BC9CEB8-8B4A-11D0-8D11-00A0C91BC942}") = "7.3", "7.3\7.3.vcxproj", "{A86F0995-624D-4CF3-9A6B-CD36B1987EB2}"
EndProject
Project("{8BC9CEB8-8B4A-11D0-8D11-00A0C91BC942}") = "7.4", "7.4\7.4.vcxproj", "{21EFE905-AA7E-412F-AFD6-D04AB30B9B27}"
EndProject
Project("{8BC9CEB8-8B4A-11D0-8D11-00A0C91BC942}") = "7.5", "7.5\7.5.vcxproj", "{B39339A1-54F4-4EDB-B336-733D8B026966}"
EndProject
Project("{8BC9CEB8-8B4A-11D0-8D11-00A0C91BC942}") = "7.6", "7.6\7.6.vcxproj", "{97C41032-319C-45EC-9282-B97015AAA172}"
EndProject
Project("{8BC9CEB8-8B4A-11D0-8D11-00A0C91BC942}") = "7.7", "7.7\7.7.vcxproj", "{F14F06F0-999F-4ACF-B6FA-79E15F8B87D0}"
EndProject
Project("{8BC9CEB8-8B4A-11D0-8D11-00A0C91BC942}") = "7.8", "7.8\7.8.vcxproj", "{6147B833-9215-4B62-8F79-AC76D6A216E6}"
EndProject
Project("{8BC9CEB8-8B4A-11D0-8D11-00A0C91BC942}") = "7.9", "7.9\7.9.vcxproj", "{67F6440C-7D0A-4D5A-B539-7ABEBAAE3ADB}"
EndProject
Project("{8BC9CEB8-8B4A-11D0-8D11-00A0C91BC942}") = "7.10", "7.10\7.10.vcxproj", "{D86CAB1D-9960-4ABF-B8E0-5ED0A2F496DD}"
EndProject
Project("{8BC9CEB8-8B4A-11D0-8D11-00A0C91BC942}") = "7.11", "7.11\7.11.vcxproj", "{4BDDC9F5-CF0E-470B-BF1C-7F6C0587735D}"
EndProject
Project("{8BC9CEB8-8B4A-11D0-8D11-00A0C91BC942}") = "7.12", "7.12\7.12.vcxproj", "{DABB261F-8E8F-4D66-BDA3-DAADEF9ACA08}"
EndProject
Project("{8BC9CEB8-8B4A-11D0-8D11-00A0C91BC942}") = "7.13", "7.13\7.13.vcxproj", "{1D3ED959-7401-4105-92AC-1904E39E2A27}"
EndProject
Project("{8BC9CEB8-8B4A-11D0-8D11-00A0C91BC942}") = "7.14", "7.14\7.14.vcxproj", "{BE582B66-09D0-4296-AFC0-5F6F8871F0F4}"
EndProject
Project("{8BC9CEB8-8B4A-11D0-8D11-00A0C91BC942}") = "7.15", "7.15\7.15.vcxproj", "{EC026A06-8FD7-40E9-A23A-4DD14AEA25C0}"
EndProject
Project("{8BC9CEB8-8B4A-11D0-8D11-00A0C91BC942}") = "7.16", "7.16\7.16.vcxproj", "{E0AFE5B8-7F11-404D-9B6A-96D8D78B805E}"
EndProject
Project("{8BC9CEB8-8B4A-11D0-8D11-00A0C91BC942}") = "8.1", "8.1\8.1.vcxproj", "{8AD2A759-0FB4-42B8-B1CC-0F9512122B61}"
EndProject
Project("{8BC9CEB8-8B4A-11D0-8D11-00A0C91BC942}") = "8.2", "8.2\8.2.vcxproj", "{3A1D27D4-CC26-4DED-B3B7-E7259ED34F8C}"
EndProject
Project("{8BC9CEB8-8B4A-11D0-8D11-00A0C91BC942}") = "8.3", "8.3\8.3.vcxproj", "{56217324-C908-47CE-9474-50ABEEEDD44B}"
EndProject
Project("{8BC9CEB8-8B4A-11D0-8D11-00A0C91BC942}") = "8.4", "8.4\8.4.vcxproj", "{025AC27F-FBAB-4D0D-8126-E7C78D74F2E5}"
EndProject
Project("{8BC9CEB8-8B4A-11D0-8D11-00A0C91BC942}") = "8.5", "8.5\8.5.vcxproj", "{6AA8D1FF-6FC0-4AC9-A625-A3C20BF16283}"
EndProject
Project("{8BC9CEB8-8B4A-11D0-8D11-00A0C91BC942}") = "8.6", "8.6\8.6.vcxproj", "{60C4201C-99B0-4F11-9B08-C1718ABE6F48}"
EndProject
Project("{8BC9CEB8-8B4A-11D0-8D11-00A0C91BC942}") = "8.7", "8.7\8.7.vcxproj", "{6DA2B8D7-B4FD-4BCD-B583-EB593749E3E1}"
EndProject
Project("{8BC9CEB8-8B4A-11D0-8D11-00A0C91BC942}") = "8.8", "8.8\8.8.vcxproj", "{0949E6DA-2E2A-4A8D-9E62-362A6F2FF14E}"
EndProject
Project("{8BC9CEB8-8B4A-11D0-8D11-00A0C91BC942}") = "8.9", "8.9\8.9.vcxproj", "{A5075CEB-0775-4D8D-91F9-F3E872387FE7}"
EndProject
Project("{8BC9CEB8-8B4A-11D0-8D11-00A0C91BC942}") = "8.10", "8.10\8.10.vcxproj", "{6A9EB877-E218-4071-862C-D313E188A7AB}"
EndProject
Project("{8BC9CEB8-8B4A-11D0-8D11-00A0C91BC942}") = "8.11", "8.11\8.11.vcxproj", "{0AD775FC-67EC-428C-82B4-9E175087A2F1}"
EndProject
Project("{8BC9CEB8-8B4A-11D0-8D11-00A0C91BC942}") = "8.12", "8.12\8.12.vcxproj", "{0E928E57-CCB6-4C9C-B93D-B0F4A5179B04}"
EndProject
Project("{8BC9CEB8-8B4A-11D0-8D11-00A0C91BC942}") = "8.13", "8.13\8.13.vcxproj", "{71B58934-95DC-47CF-9E9D-25CFC76960B2}"
EndProject
Project("{8BC9CEB8-8B4A-11D0-8D11-00A0C91BC942}") = "8.14", "8.14\8.14.vcxproj", "{D9381943-8C52-414F-90E4-AECB95061C97}"
EndProject
Project("{8BC9CEB8-8B4A-11D0-8D11-00A0C91BC942}") = "8.15", "8.15\8.15.vcxproj", "{03A8C2F3-7D4E-4F81-B2C1-0047E8D13A40}"
EndProject
Global
	GlobalSection(SolutionConfigurationPlatforms) = preSolution
		Debug|x64 = Debug|x64
		Debug|x86 = Debug|x86
		Release|x64 = Release|x64
		Release|x86 = Release|x86
	EndGlobalSection
	GlobalSection(ProjectConfigurationPlatforms) = postSolution
		{979D986E-8DCD-418E-9BF3-13C77EA601B4}.Debug|x64.ActiveCfg = Debug|x64
		{979D986E-8DCD-418E-9BF3-13C77EA601B4}.Debug|x64.Build.0 = Debug|x64
		{979D986E-8DCD-418E-9BF3-13C77EA601B4}.Debug|x86.ActiveCfg = Debug|Win32
		{979D986E-8DCD-418E-9BF3-13C77EA601B4}.Debug|x86.Build.0 = Debug|Win32
		{979D986E-8DCD-418E-9BF3-13C77EA601B4}.Release|x64.ActiveCfg = Release|x64
		{979D986E-8DCD-418E-9BF3-13C77EA601B4}.Release|x64.Build.0 = Release|x64
		{979D986E-8DCD-418E-9BF3-13C77EA601B4}.Release|x86.ActiveCfg = Release|Win32
		{979D986E-8DCD-418E-9BF3-13C77EA601B4}.Release|x86.Build.0 = Release|Win32
		{F070864D-4A98-4316-8130-F19347648084}.Debug|x64.ActiveCfg = Debug|x64
		{F070864D-4A98-4316-8130-F19347648084}.Debug|x64.Build.0 = Debug|x64
		{F070864D-4A98-4316-8130-F19347648084}.Debug|x86.ActiveCfg = Debug|Win32
		{F070864D-4A98-4316-8130-F19347648084}.Debug|x86.Build.0 = Debug|Win32
		{F070864D-4A98-4316-8130-F19347648084}.Release|x64.ActiveCfg = Release|x64
		{F070864D-4A98-4316-8130-F19347648084}.Release|x64.Build.0 = Release|x64
		{F070864D-4A98-4316-8130-F19347648084}.Release|x86.ActiveCfg = Release|Win32
		{F070864D-4A98-4316-8130-F19347648084}.Release|x86.Build.0 = Release|Win32
		{E8DAF9BC-F0DA-4AB8-9458-0D3204DFD89B}.Debug|x64.ActiveCfg = Debug|x64
		{E8DAF9BC-F0DA-4AB8-9458-0D3204DFD89B}.Debug|x64.Build.0 = Debug|x64
		{E8DAF9BC-F0DA-4AB8-9458-0D3204DFD89B}.Debug|x86.ActiveCfg = Debug|Win32
		{E8DAF9BC-F0DA-4AB8-9458-0D3204DFD89B}.Debug|x86.Build.0 = Debug|Win32
		{E8DAF9BC-F0DA-4AB8-9458-0D3204DFD89B}.Release|x64.ActiveCfg = Release|x64
		{E8DAF9BC-F0DA-4AB8-9458-0D3204DFD89B}.Release|x64.Build.0 = Release|x64
		{E8DAF9BC-F0DA-4AB8-9458-0D3204DFD89B}.Release|x86.ActiveCfg = Release|Win32
		{E8DAF9BC-F0DA-4AB8-9458-0D3204DFD89B}.Release|x86.Build.0 = Release|Win32
		{0454EBD4-58D6-42DA-A7B4-2B0BB42D7680}.Debug|x64.ActiveCfg = Debug|x64
		{0454EBD4-58D6-42DA-A7B4-2B0BB42D7680}.Debug|x64.Build.0 = Debug|x64
		{0454EBD4-58D6-42DA-A7B4-2B0BB42D7680}.Debug|x86.ActiveCfg = Debug|Win32
		{0454EBD4-58D6-42DA-A7B4-2B0BB42D7680}.Debug|x86.Build.0 = Debug|Win32
		{0454EBD4-58D6-42DA-A7B4-2B0BB42D7680}.Release|x64.ActiveCfg = Release|x64
		{0454EBD4-58D6-42DA-A7B4-2B0BB42D7680}.Release|x64.Build.0 = Release|x64
		{0454EBD4-58D6-42DA-A7B4-2B0BB42D7680}.Release|x86.ActiveCfg = Release|Win32
		{0454EBD4-58D6-42DA-A7B4-2B0BB42D7680}.Release|x86.Build.0 = Release|Win32
		{95F1EFEC-3E7F-4A60-A4FB-01DAD841569B}.Debug|x64.ActiveCfg = Debug|x64
		{95F1EFEC-3E7F-4A60-A4FB-01DAD841569B}.Debug|x64.Build.0 = Debug|x64
		{95F1EFEC-3E7F-4A60-A4FB-01DAD841569B}.Debug|x86.ActiveCfg = Debug|Win32
		{95F1EFEC-3E7F-4A60-A4FB-01DAD841569B}.Debug|x86.Build.0 = Debug|Win32
		{95F1EFEC-3E7F-4A60-A4FB-01DAD841569B}.Release|x64.ActiveCfg = Release|x64
		{95F1EFEC-3E7F-4A60-A4FB-01DAD841569B}.Release|x64.Build.0 = Release|x64
		{95F1EFEC-3E7F-4A60-A4FB-01DAD841569B}.Release|x86.ActiveCfg = Release|Win32
		{95F1EFEC-3E7F-4A60-A4FB-01DAD841569B}.Release|x86.Build.0 = Release|Win32
		{2A8D6098-856A-433C-9C74-721A9C35F686}.Debug|x64.ActiveCfg = Debug|x64
		{2A8D6098-856A-433C-9C74-721A9C35F686}.Debug|x64.Build.0 = Debug|x64
		{2A8D6098-856A-433C-9C74-721A9C35F686}.Debug|x86.ActiveCfg = Debug|Win32
		{2A8D6098-856A-433C-9C74-721A9C35F686}.Debug|x86.Build.0 = Debug|Win32
		{2A8D6098-856A-433C-9C74-721A9C35F686}.Release|x64.ActiveCfg = Release|x64
		{2A8D6098-856A-433C-9C74-721A9C35F686}.Release|x64.Build.0 = Release|x64
		{2A8D6098-856A-433C-9C74-721A9C35F686}.Release|x86.ActiveCfg = Release|Win32
		{2A8D6098-856A-433C-9C74-721A9C35F686}.Release|x86.Build.0 = Release|Win32
		{D0D36882-205D-48A8-A817-4342F5274D01}.Debug|x64.ActiveCfg = Debug|x64
		{D0D36882-205D-48A8-A817-4342F5274D01}.Debug|x64.Build.0 = Debug|x64
		{D0D36882-205D-48A8-A817-4342F5274D01}.Debug|x86.ActiveCfg = Debug|Win32
		{D0D36882-205D-48A8-A817-4342F5274D01}.Debug|x86.Build.0 = Debug|Win32
		{D0D36882-205D-48A8-A817-4342F5274D01}.Release|x64.ActiveCfg = Release|x64
		{D0D36882-205D-48A8-A817-4342F5274D01}.Release|x64.Build.0 = Release|x64
		{D0D36882-205D-48A8-A817-4342F5274D01}.Release|x86.ActiveCfg = Release|Win32
		{D0D36882-205D-48A8-A817-4342F5274D01}.Release|x86.Build.0 = Release|Win32
		{FA37AFEB-2573-4CEA-B550-C03A3800EADE}.Debug|x64.ActiveCfg = Debug|x64
		{FA37AFEB-2573-4CEA-B550-C03A3800EADE}.Debug|x64.Build.0 = Debug|x64
		{FA37AFEB-2573-4CEA-B550-C03A3800EADE}.Debug|x86.ActiveCfg = Debug|Win32
		{FA37AFEB-2573-4CEA-B550-C03A3800EADE}.Debug|x86.Build.0 = Debug|Win32
		{FA37AFEB-2573-4CEA-B550-C03A3800EADE}.Release|x64.ActiveCfg = Release|x64
		{FA37AFEB-2573-4CEA-B550-C03A3800EADE}.Release|x64.Build.0 = Release|x64
		{FA37AFEB-2573-4CEA-B550-C03A3800EADE}.Release|x86.ActiveCfg = Release|Win32
		{FA37AFEB-2573-4CEA-B550-C03A3800EADE}.Release|x86.Build.0 = Release|Win32
		{FDDC6F9A-5ACC-488A-B696-F5322ED493C0}.Debug|x64.ActiveCfg = Debug|x64
		{FDDC6F9A-5ACC-488A-B696-F5322ED493C0}.Debug|x64.Build.0 = Debug|x64
		{FDDC6F9A-5ACC-488A-B696-F5322ED493C0}.Debug|x86.ActiveCfg = Debug|Win32
		{FDDC6F9A-5ACC-488A-B696-F5322ED493C0}.Debug|x86.Build.0 = Debug|Win32
		{FDDC6F9A-5ACC-488A-B696-F5322ED493C0}.Release|x64.ActiveCfg = Release|x64
		{FDDC6F9A-5ACC-488A-B696-F5322ED493C0}.Release|x64.Build.0 = Release|x64
		{FDDC6F9A-5ACC-488A-B696-F5322ED493C0}.Release|x86.ActiveCfg = Release|Win32
		{FDDC6F9A-5ACC-488A-B696-F5322ED493C0}.Release|x86.Build.0 = Release|Win32
		{77DDC21A-BD21-4E71-8A4B-55D9EE6DEB4C}.Debug|x64.ActiveCfg = Debug|x64
		{77DDC21A-BD21-4E71-8A4B-55D9EE6DEB4C}.Debug|x64.Build.0 = Debug|x64
		{77DDC21A-BD21-4E71-8A4B-55D9EE6DEB4C}.Debug|x86.ActiveCfg = Debug|Win32
		{77DDC21A-BD21-4E71-8A4B-55D9EE6DEB4C}.Debug|x86.Build.0 = Debug|Win32
		{77DDC21A-BD21-4E71-8A4B-55D9EE6DEB4C}.Release|x64.ActiveCfg = Release|x64
		{77DDC21A-BD21-4E71-8A4B-55D9EE6DEB4C}.Release|x64.Build.0 = Release|x64
		{77DDC21A-BD21-4E71-8A4B-55D9EE6DEB4C}.Release|x86.ActiveCfg = Release|Win32
		{77DDC21A-BD21-4E71-8A4B-55D9EE6DEB4C}.Release|x86.Build.0 = Release|Win32
		{1D5D0A23-3134-439A-AC34-23A3F7DF7595}.Debug|x64.ActiveCfg = Debug|x64
		{1D5D0A23-3134-439A-AC34-23A3F7DF7595}.Debug|x64.Build.0 = Debug|x64
		{1D5D0A23-3134-439A-AC34-23A3F7DF7595}.Debug|x86.ActiveCfg = Debug|Win32
		{1D5D0A23-3134-439A-AC34-23A3F7DF7595}.Debug|x86.Build.0 = Debug|Win32
		{1D5D0A23-3134-439A-AC34-23A3F7DF7595}.Release|x64.ActiveCfg = Release|x64
		{1D5D0A23-3134-439A-AC34-23A3F7DF7595}.Release|x64.Build.0 = Release|x64
		{1D5D0A23-3134-439A-AC34-23A3F7DF7595}.Release|x86.ActiveCfg = Release|Win32
		{1D5D0A23-3134-439A-AC34-23A3F7DF7595}.Release|x86.Build.0 = Release|Win32
		{EB64C73E-B998-494E-A164-6D84C0AC35D4}.Debug|x64.ActiveCfg = Debug|x64
		{EB64C73E-B998-494E-A164-6D84C0AC35D4}.Debug|x64.Build.0 = Debug|x64
		{EB64C73E-B998-494E-A164-6D84C0AC35D4}.Debug|x86.ActiveCfg = Debug|Win32
		{EB64C73E-B998-494E-A164-6D84C0AC35D4}.Debug|x86.Build.0 = Debug|Win32
		{EB64C73E-B998-494E-A164-6D84C0AC35D4}.Release|x64.ActiveCfg = Release|x64
		{EB64C73E-B998-494E-A164-6D84C0AC35D4}.Release|x64.Build.0 = Release|x64
		{EB64C73E-B998-494E-A164-6D84C0AC35D4}.Release|x86.ActiveCfg = Release|Win32
		{EB64C73E-B998-494E-A164-6D84C0AC35D4}.Release|x86.Build.0 = Release|Win32
		{1BA9020B-FC44-4875-858F-7DE8872CE4A4}.Debug|x64.ActiveCfg = Debug|x64
		{1BA9020B-FC44-4875-858F-7DE8872CE4A4}.Debug|x64.Build.0 = Debug|x64
		{1BA9020B-FC44-4875-858F-7DE8872CE4A4}.Debug|x86.ActiveCfg = Debug|Win32
		{1BA9020B-FC44-4875-858F-7DE8872CE4A4}.Debug|x86.Build.0 = Debug|Win32
		{1BA9020B-FC44-4875-858F-7DE8872CE4A4}.Release|x64.ActiveCfg = Release|x64
		{1BA9020B-FC44-4875-858F-7DE8872CE4A4}.Release|x64.Build.0 = Release|x64
		{1BA9020B-FC44-4875-858F-7DE8872CE4A4}.Release|x86.ActiveCfg = Release|Win32
		{1BA9020B-FC44-4875-858F-7DE8872CE4A4}.Release|x86.Build.0 = Release|Win32
		{6A6D7995-4078-4A94-84F5-EAFAAFAC583B}.Debug|x64.ActiveCfg = Debug|x64
		{6A6D7995-4078-4A94-84F5-EAFAAFAC583B}.Debug|x64.Build.0 = Debug|x64
		{6A6D7995-4078-4A94-84F5-EAFAAFAC583B}.Debug|x86.ActiveCfg = Debug|Win32
		{6A6D7995-4078-4A94-84F5-EAFAAFAC583B}.Debug|x86.Build.0 = Debug|Win32
		{6A6D7995-4078-4A94-84F5-EAFAAFAC583B}.Release|x64.ActiveCfg = Release|x64
		{6A6D7995-4078-4A94-84F5-EAFAAFAC583B}.Release|x64.Build.0 = Release|x64
		{6A6D7995-4078-4A94-84F5-EAFAAFAC583B}.Release|x86.ActiveCfg = Release|Win32
		{6A6D7995-4078-4A94-84F5-EAFAAFAC583B}.Release|x86.Build.0 = Release|Win32
		{88FCA21D-7D42-4017-B60A-E9009D6AD23C}.Debug|x64.ActiveCfg = Debug|x64
		{88FCA21D-7D42-4017-B60A-E9009D6AD23C}.Debug|x64.Build.0 = Debug|x64
		{88FCA21D-7D42-4017-B60A-E9009D6AD23C}.Debug|x86.ActiveCfg = Debug|Win32
		{88FCA21D-7D42-4017-B60A-E9009D6AD23C}.Debug|x86.Build.0 = Debug|Win32
		{88FCA21D-7D42-4017-B60A-E9009D6AD23C}.Release|x64.ActiveCfg = Release|x64
		{88FCA21D-7D42-4017-B60A-E9009D6AD23C}.Release|x64.Build.0 = Release|x64
		{88FCA21D-7D42-4017-B60A-E9009D6AD23C}.Release|x86.ActiveCfg = Release|Win32
		{88FCA21D-7D42-4017-B60A-E9009D6AD23C}.Release|x86.Build.0 = Release|Win32
		{1F0CA987-F577-4A6B-8FE9-55D4C75C38AF}.Debug|x64.ActiveCfg = Debug|x64
		{1F0CA987-F577-4A6B-8FE9-55D4C75C38AF}.Debug|x64.Build.0 = Debug|x64
		{1F0CA987-F577-4A6B-8FE9-55D4C75C38AF}.Debug|x86.ActiveCfg = Debug|Win32
		{1F0CA987-F577-4A6B-8FE9-55D4C75C38AF}.Debug|x86.Build.0 = Debug|Win32
		{1F0CA987-F577-4A6B-8FE9-55D4C75C38AF}.Release|x64.ActiveCfg = Release|x64
		{1F0CA987-F577-4A6B-8FE9-55D4C75C38AF}.Release|x64.Build.0 = Release|x64
		{1F0CA987-F577-4A6B-8FE9-55D4C75C38AF}.Release|x86.ActiveCfg = Release|Win32
		{1F0CA987-F577-4A6B-8FE9-55D4C75C38AF}.Release|x86.Build.0 = Release|Win32
		{B1DB809E-09B1-462B-A2FF-CD0D96BCB4B9}.Debug|x64.ActiveCfg = Debug|x64
		{B1DB809E-09B1-462B-A2FF-CD0D96BCB4B9}.Debug|x64.Build.0 = Debug|x64
		{B1DB809E-09B1-462B-A2FF-CD0D96BCB4B9}.Debug|x86.ActiveCfg = Debug|Win32
		{B1DB809E-09B1-462B-A2FF-CD0D96BCB4B9}.Debug|x86.Build.0 = Debug|Win32
		{B1DB809E-09B1-462B-A2FF-CD0D96BCB4B9}.Release|x64.ActiveCfg = Release|x64
		{B1DB809E-09B1-462B-A2FF-CD0D96BCB4B9}.Release|x64.Build.0 = Release|x64
		{B1DB809E-09B1-462B-A2FF-CD0D96BCB4B9}.Release|x86.ActiveCfg = Release|Win32
		{B1DB809E-09B1-462B-A2FF-CD0D96BCB4B9}.Release|x86.Build.0 = Release|Win32
		{D9D30D82-F21C-4E85-B595-B544A86CE2FF}.Debug|x64.ActiveCfg = Debug|x64
		{D9D30D82-F21C-4E85-B595-B544A86CE2FF}.Debug|x64.Build.0 = Debug|x64
		{D9D30D82-F21C-4E85-B595-B544A86CE2FF}.Debug|x86.ActiveCfg = Debug|Win32
		{D9D30D82-F21C-4E85-B595-B544A86CE2FF}.Debug|x86.Build.0 = Debug|Win32
		{D9D30D82-F21C-4E85-B595-B544A86CE2FF}.Release|x64.ActiveCfg = Release|x64
		{D9D30D82-F21C-4E85-B595-B544A86CE2FF}.Release|x64.Build.0 = Release|x64
		{D9D30D82-F21C-4E85-B595-B544A86CE2FF}.Release|x86.ActiveCfg = Release|Win32
		{D9D30D82-F21C-4E85-B595-B544A86CE2FF}.Release|x86.Build.0 = Release|Win32
		{4AEBE1BB-3DF6-453C-B2B1-CEDBFE474BA1}.Debug|x64.ActiveCfg = Debug|x64
		{4AEBE1BB-3DF6-453C-B2B1-CEDBFE474BA1}.Debug|x64.Build.0 = Debug|x64
		{4AEBE1BB-3DF6-453C-B2B1-CEDBFE474BA1}.Debug|x86.ActiveCfg = Debug|Win32
		{4AEBE1BB-3DF6-453C-B2B1-CEDBFE474BA1}.Debug|x86.Build.0 = Debug|Win32
		{4AEBE1BB-3DF6-453C-B2B1-CEDBFE474BA1}.Release|x64.ActiveCfg = Release|x64
		{4AEBE1BB-3DF6-453C-B2B1-CEDBFE474BA1}.Release|x64.Build.0 = Release|x64
		{4AEBE1BB-3DF6-453C-B2B1-CEDBFE474BA1}.Release|x86.ActiveCfg = Release|Win32
		{4AEBE1BB-3DF6-453C-B2B1-CEDBFE474BA1}.Release|x86.Build.0 = Release|Win32
		{D8E2EC27-CFB8-41F3-940A-FCC10969C137}.Debug|x64.ActiveCfg = Debug|x64
		{D8E2EC27-CFB8-41F3-940A-FCC10969C137}.Debug|x64.Build.0 = Debug|x64
		{D8E2EC27-CFB8-41F3-940A-FCC10969C137}.Debug|x86.ActiveCfg = Debug|Win32
		{D8E2EC27-CFB8-41F3-940A-FCC10969C137}.Debug|x86.Build.0 = Debug|Win32
		{D8E2EC27-CFB8-41F3-940A-FCC10969C137}.Release|x64.ActiveCfg = Release|x64
		{D8E2EC27-CFB8-41F3-940A-FCC10969C137}.Release|x64.Build.0 = Release|x64
		{D8E2EC27-CFB8-41F3-940A-FCC10969C137}.Release|x86.ActiveCfg = Release|Win32
		{D8E2EC27-CFB8-41F3-940A-FCC10969C137}.Release|x86.Build.0 = Release|Win32
		{E4CE5E8E-8CC6-43E4-ADF0-2725FED8B990}.Debug|x64.ActiveCfg = Debug|x64
		{E4CE5E8E-8CC6-43E4-ADF0-2725FED8B990}.Debug|x64.Build.0 = Debug|x64
		{E4CE5E8E-8CC6-43E4-ADF0-2725FED8B990}.Debug|x86.ActiveCfg = Debug|Win32
		{E4CE5E8E-8CC6-43E4-ADF0-2725FED8B990}.Debug|x86.Build.0 = Debug|Win32
		{E4CE5E8E-8CC6-43E4-ADF0-2725FED8B990}.Release|x64.ActiveCfg = Release|x64
		{E4CE5E8E-8CC6-43E4-ADF0-2725FED8B990}.Release|x64.Build.0 = Release|x64
		{E4CE5E8E-8CC6-43E4-ADF0-2725FED8B990}.Release|x86.ActiveCfg = Release|Win32
		{E4CE5E8E-8CC6-43E4-ADF0-2725FED8B990}.Release|x86.Build.0 = Release|Win32
		{1FCED77B-DADC-444B-871A-D06EAE1058B4}.Debug|x64.ActiveCfg = Debug|x64
		{1FCED77B-DADC-444B-871A-D06EAE1058B4}.Debug|x64.Build.0 = Debug|x64
		{1FCED77B-DADC-444B-871A-D06EAE1058B4}.Debug|x86.ActiveCfg = Debug|Win32
		{1FCED77B-DADC-444B-871A-D06EAE1058B4}.Debug|x86.Build.0 = Debug|Win32
		{1FCED77B-DADC-444B-871A-D06EAE1058B4}.Release|x64.ActiveCfg = Release|x64
		{1FCED77B-DADC-444B-871A-D06EAE1058B4}.Release|x64.Build.0 = Release|x64
		{1FCED77B-DADC-444B-871A-D06EAE1058B4}.Release|x86.ActiveCfg = Release|Win32
		{1FCED77B-DADC-444B-871A-D06EAE1058B4}.Release|x86.Build.0 = Release|Win32
		{E6F503A0-9B3D-446B-B18E-0DA93207DB41}.Debug|x64.ActiveCfg = Debug|x64
		{E6F503A0-9B3D-446B-B18E-0DA93207DB41}.Debug|x64.Build.0 = Debug|x64
		{E6F503A0-9B3D-446B-B18E-0DA93207DB41}.Debug|x86.ActiveCfg = Debug|Win32
		{E6F503A0-9B3D-446B-B18E-0DA93207DB41}.Debug|x86.Build.0 = Debug|Win32
		{E6F503A0-9B3D-446B-B18E-0DA93207DB41}.Release|x64.ActiveCfg = Release|x64
		{E6F503A0-9B3D-446B-B18E-0DA93207DB41}.Release|x64.Build.0 = Release|x64
		{E6F503A0-9B3D-446B-B18E-0DA93207DB41}.Release|x86.ActiveCfg = Release|Win32
		{E6F503A0-9B3D-446B-B18E-0DA93207DB41}.Release|x86.Build.0 = Release|Win32
		{885B732D-1326-4056-BD2D-07309AE13D73}.Debug|x64.ActiveCfg = Debug|x64
		{885B732D-1326-4056-BD2D-07309AE13D73}.Debug|x64.Build.0 = Debug|x64
		{885B732D-1326-4056-BD2D-07309AE13D73}.Debug|x86.ActiveCfg = Debug|Win32
		{885B732D-1326-4056-BD2D-07309AE13D73}.Debug|x86.Build.0 = Debug|Win32
		{885B732D-1326-4056-BD2D-07309AE13D73}.Release|x64.ActiveCfg = Release|x64
		{885B732D-1326-4056-BD2D-07309AE13D73}.Release|x64.Build.0 = Release|x64
		{885B732D-1326-4056-BD2D-07309AE13D73}.Release|x86.ActiveCfg = Release|Win32
		{885B732D-1326-4056-BD2D-07309AE13D73}.Release|x86.Build.0 = Release|Win32
		{96A273D9-4CDC-499F-B7BE-06B7F014922C}.Debug|x64.ActiveCfg = Debug|x64
		{96A273D9-4CDC-499F-B7BE-06B7F014922C}.Debug|x64.Build.0 = Debug|x64
		{96A273D9-4CDC-499F-B7BE-06B7F014922C}.Debug|x86.ActiveCfg = Debug|Win32
		{96A273D9-4CDC-499F-B7BE-06B7F014922C}.Debug|x86.Build.0 = Debug|Win32
		{96A273D9-4CDC-499F-B7BE-06B7F014922C}.Release|x64.ActiveCfg = Release|x64
		{96A273D9-4CDC-499F-B7BE-06B7F014922C}.Release|x64.Build.0 = Release|x64
		{96A273D9-4CDC-499F-B7BE-06B7F014922C}.Release|x86.ActiveCfg = Release|Win32
		{96A273D9-4CDC-499F-B7BE-06B7F014922C}.Release|x86.Build.0 = Release|Win32
		{4DA0FE54-E2BD-4573-BE8F-9A1749D78DBB}.Debug|x64.ActiveCfg = Debug|x64
		{4DA0FE54-E2BD-4573-BE8F-9A1749D78DBB}.Debug|x64.Build.0 = Debug|x64
		{4DA0FE54-E2BD-4573-BE8F-9A1749D78DBB}.Debug|x86.ActiveCfg = Debug|Win32
		{4DA0FE54-E2BD-4573-BE8F-9A1749D78DBB}.Debug|x86.Build.0 = Debug|Win32
		{4DA0FE54-E2BD-4573-BE8F-9A1749D78DBB}.Release|x64.ActiveCfg = Release|x64
		{4DA0FE54-E2BD-4573-BE8F-9A1749D78DBB}.Release|x64.Build.0 = Release|x64
		{4DA0FE54-E2BD-4573-BE8F-9A1749D78DBB}.Release|x86.ActiveCfg = Release|Win32
		{4DA0FE54-E2BD-4573-BE8F-9A1749D78DBB}.Release|x86.Build.0 = Release|Win32
		{8593C056-1059-4081-8F7A-893BF334A576}.Debug|x64.ActiveCfg = Debug|x64
		{8593C056-1059-4081-8F7A-893BF334A576}.Debug|x64.Build.0 = Debug|x64
		{8593C056-1059-4081-8F7A-893BF334A576}.Debug|x86.ActiveCfg = Debug|Win32
		{8593C056-1059-4081-8F7A-893BF334A576}.Debug|x86.Build.0 = Debug|Win32
		{8593C056-1059-4081-8F7A-893BF334A576}.Release|x64.ActiveCfg = Release|x64
		{8593C056-1059-4081-8F7A-893BF334A576}.Release|x64.Build.0 = Release|x64
		{8593C056-1059-4081-8F7A-893BF334A576}.Release|x86.ActiveCfg = Release|Win32
		{8593C056-1059-4081-8F7A-893BF334A576}.Release|x86.Build.0 = Release|Win32
		{FE94B979-0BCB-4204-855A-58F6079774C0}.Debug|x64.ActiveCfg = Debug|x64
		{FE94B979-0BCB-4204-855A-58F6079774C0}.Debug|x64.Build.0 = Debug|x64
		{FE94B979-0BCB-4204-855A-58F6079774C0}.Debug|x86.ActiveCfg = Debug|Win32
		{FE94B979-0BCB-4204-855A-58F6079774C0}.Debug|x86.Build.0 = Debug|Win32
		{FE94B979-0BCB-4204-855A-58F6079774C0}.Release|x64.ActiveCfg = Release|x64
		{FE94B979-0BCB-4204-855A-58F6079774C0}.Release|x64.Build.0 = Release|x64
		{FE94B979-0BCB-4204-855A-58F6079774C0}.Release|x86.ActiveCfg = Release|Win32
		{FE94B979-0BCB-4204-855A-58F6079774C0}.Release|x86.Build.0 = Release|Win32
		{0FF3B9B5-DFE7-4FAA-B3B8-5F7E4032A9D9}.Debug|x64.ActiveCfg = Debug|x64
		{0FF3B9B5-DFE7-4FAA-B3B8-5F7E4032A9D9}.Debug|x64.Build.0 = Debug|x64
		{0FF3B9B5-DFE7-4FAA-B3B8-5F7E4032A9D9}.Debug|x86.ActiveCfg = Debug|Win32
		{0FF3B9B5-DFE7-4FAA-B3B8-5F7E4032A9D9}.Debug|x86.Build.0 = Debug|Win32
		{0FF3B9B5-DFE7-4FAA-B3B8-5F7E4032A9D9}.Release|x64.ActiveCfg = Release|x64
		{0FF3B9B5-DFE7-4FAA-B3B8-5F7E4032A9D9}.Release|x64.Build.0 = Release|x64
		{0FF3B9B5-DFE7-4FAA-B3B8-5F7E4032A9D9}.Release|x86.ActiveCfg = Release|Win32
		{0FF3B9B5-DFE7-4FAA-B3B8-5F7E4032A9D9}.Release|x86.Build.0 = Release|Win32
		{7125D19D-7B9D-4A8D-BBA2-36A809773FF9}.Debug|x64.ActiveCfg = Debug|x64
		{7125D19D-7B9D-4A8D-BBA2-36A809773FF9}.Debug|x64.Build.0 = Debug|x64
		{7125D19D-7B9D-4A8D-BBA2-36A809773FF9}.Debug|x86.ActiveCfg = Debug|Win32
		{7125D19D-7B9D-4A8D-BBA2-36A809773FF9}.Debug|x86.Build.0 = Debug|Win32
		{7125D19D-7B9D-4A8D-BBA2-36A809773FF9}.Release|x64.ActiveCfg = Release|x64
		{7125D19D-7B9D-4A8D-BBA2-36A809773FF9}.Release|x64.Build.0 = Release|x64
		{7125D19D-7B9D-4A8D-BBA2-36A809773FF9}.Release|x86.ActiveCfg = Release|Win32
		{7125D19D-7B9D-4A8D-BBA2-36A809773FF9}.Release|x86.Build.0 = Release|Win32
		{2F875AE4-B96E-4287-B88B-563D8A3518AC}.Debug|x64.ActiveCfg = Debug|x64
		{2F875AE4-B96E-4287-B88B-563D8A3518AC}.Debug|x64.Build.0 = Debug|x64
		{2F875AE4-B96E-4287-B88B-563D8A3518AC}.Debug|x86.ActiveCfg = Debug|Win32
		{2F875AE4-B96E-4287-B88B-563D8A3518AC}.Debug|x86.Build.0 = Debug|Win32
		{2F875AE4-B96E-4287-B88B-563D8A3518AC}.Release|x64.ActiveCfg = Release|x64
		{2F875AE4-B96E-4287-B88B-563D8A3518AC}.Release|x64.Build.0 = Release|x64
		{2F875AE4-B96E-4287-B88B-563D8A3518AC}.Release|x86.ActiveCfg = Release|Win32
		{2F875AE4-B96E-4287-B88B-563D8A3518AC}.Release|x86.Build.0 = Release|Win32
		{9501ACE6-D13B-4F20-99E8-C7A7BD2F8551}.Debug|x64.ActiveCfg = Debug|x64
		{9501ACE6-D13B-4F20-99E8-C7A7BD2F8551}.Debug|x64.Build.0 = Debug|x64
		{9501ACE6-D13B-4F20-99E8-C7A7BD2F8551}.Debug|x86.ActiveCfg = Debug|Win32
		{9501ACE6-D13B-4F20-99E8-C7A7BD2F8551}.Debug|x86.Build.0 = Debug|Win32
		{9501ACE6-D13B-4F20-99E8-C7A7BD2F8551}.Release|x64.ActiveCfg = Release|x64
		{9501ACE6-D13B-4F20-99E8-C7A7BD2F8551}.Release|x64.Build.0 = Release|x64
		{9501ACE6-D13B-4F20-99E8-C7A7BD2F8551}.Release|x86.ActiveCfg = Release|Win32
		{9501ACE6-D13B-4F20-99E8-C7A7BD2F8551}.Release|x86.Build.0 = Release|Win32
		{A86F0995-624D-4CF3-9A6B-CD36B1987EB2}.Debug|x64.ActiveCfg = Debug|x64
		{A86F0995-624D-4CF3-9A6B-CD36B1987EB2}.Debug|x64.Build.0 = Debug|x64
		{A86F0995-624D-4CF3-9A6B-CD36B1987EB2}.Debug|x86.ActiveCfg = Debug|Win32
		{A86F0995-624D-4CF3-9A6B-CD36B1987EB2}.Debug|x86.Build.0 = Debug|Win32
		{A86F0995-624D-4CF3-9A6B-CD36B1987EB2}.Release|x64.ActiveCfg = Release|x64
		{A86F0995-624D-4CF3-9A6B-CD36B1987EB2}.Release|x64.Build.0 = Release|x64
		{A86F0995-624D-4CF3-9A6B-CD36B1987EB2}.Release|x86.ActiveCfg = Release|Win32
		{A86F0995-624D-4CF3-9A6B-CD36B1987EB2}.Release|x86.Build.0 = Release|Win32
		{21EFE905-AA7E-412F-AFD6-D04AB30B9B27}.Debug|x64.ActiveCfg = Debug|x64
		{21EFE905-AA7E-412F-AFD6-D04AB30B9B27}.Debug|x64.Build.0 = Debug|x64
		{21EFE905-AA7E-412F-AFD6-D04AB30B9B27}.Debug|x86.ActiveCfg = Debug|Win32
		{21EFE905-AA7E-412F-AFD6-D04AB30B9B27}.Debug|x86.Build.0 = Debug|Win32
		{21EFE905-AA7E-412F-AFD6-D04AB30B9B27}.Release|x64.ActiveCfg = Release|x64
		{21EFE905-AA7E-412F-AFD6-D04AB30B9B27}.Release|x64.Build.0 = Release|x64
		{21EFE905-AA7E-412F-AFD6-D04AB30B9B27}.Release|x86.ActiveCfg = Release|Win32
		{21EFE905-AA7E-412F-AFD6-D04AB30B9B27}.Release|x86.Build.0 = Release|Win32
		{B39339A1-54F4-4EDB-B336-733D8B026966}.Debug|x64.ActiveCfg = Debug|x64
		{B39339A1-54F4-4EDB-B336-733D8B026966}.Debug|x64.Build.0 = Debug|x64
		{B39339A1-54F4-4EDB-B336-733D8B026966}.Debug|x86.ActiveCfg = Debug|Win32
		{B39339A1-54F4-4EDB-B336-733D8B026966}.Debug|x86.Build.0 = Debug|Win32
		{B39339A1-54F4-4EDB-B336-733D8B026966}.Release|x64.ActiveCfg = Release|x64
		{B39339A1-54F4-4EDB-B336-733D8B026966}.Release|x64.Build.0 = Release|x64
		{B39339A1-54F4-4EDB-B336-733D8B026966}.Release|x86.ActiveCfg = Release|Win32
		{B39339A1-54F4-4EDB-B336-733D8B026966}.Release|x86.Build.0 = Release|Win32
		{97C41032-319C-45EC-9282-B97015AAA172}.Debug|x64.ActiveCfg = Debug|x64
		{97C41032-319C-45EC-9282-B97015AAA172}.Debug|x64.Build.0 = Debug|x64
		{97C41032-319C-45EC-9282-B97015AAA172}.Debug|x86.ActiveCfg = Debug|Win32
		{97C41032-319C-45EC-9282-B97015AAA172}.Debug|x86.Build.0 = Debug|Win32
		{97C41032-319C-45EC-9282-B97015AAA172}.Release|x64.ActiveCfg = Release|x64
		{97C41032-319C-45EC-9282-B97015AAA172}.Release|x64.Build.0 = Release|x64
		{97C41032-319C-45EC-9282-B97015AAA172}.Release|x86.ActiveCfg = Release|Win32
		{97C41032-319C-45EC-9282-B97015AAA172}.Release|x86.Build.0 = Release|Win32
		{F14F06F0-999F-4ACF-B6FA-79E15F8B87D0}.Debug|x64.ActiveCfg = Debug|x64
		{F14F06F0-999F-4ACF-B6FA-79E15F8B87D0}.Debug|x64.Build.0 = Debug|x64
		{F14F06F0-999F-4ACF-B6FA-79E15F8B87D0}.Debug|x86.ActiveCfg = Debug|Win32
		{F14F06F0-999F-4ACF-B6FA-79E15F8B87D0}.Debug|x86.Build.0 = Debug|Win32
		{F14F06F0-999F-4ACF-B6FA-79E15F8B87D0}.Release|x64.ActiveCfg = Release|x64
		{F14F06F0-999F-4ACF-B6FA-79E15F8B87D0}.Release|x64.Build.0 = Release|x64
		{F14F06F0-999F-4ACF-B6FA-79E15F8B87D0}.Release|x86.ActiveCfg = Release|Win32
		{F14F06F0-999F-4ACF-B6FA-79E15F8B87D0}.Release|x86.Build.0 = Release|Win32
		{6147B833-9215-4B62-8F79-AC76D6A216E6}.Debug|x64.ActiveCfg = Debug|x64
		{6147B833-9215-4B62-8F79-AC76D6A216E6}.Debug|x64.Build.0 = Debug|x64
		{6147B833-9215-4B62-8F79-AC76D6A216E6}.Debug|x86.ActiveCfg = Debug|Win32
		{6147B833-9215-4B62-8F79-AC76D6A216E6}.Debug|x86.Build.0 = Debug|Win32
		{6147B833-9215-4B62-8F79-AC76D6A216E6}.Release|x64.ActiveCfg = Release|x64
		{6147B833-9215-4B62-8F79-AC76D6A216E6}.Release|x64.Build.0 = Release|x64
		{6147B833-9215-4B62-8F79-AC76D6A216E6}.Release|x86.ActiveCfg = Release|Win32
		{6147B833-9215-4B62-8F79-AC76D6A216E6}.Release|x86.Build.0 = Release|Win32
		{67F6440C-7D0A-4D5A-B539-7ABEBAAE3ADB}.Debug|x64.ActiveCfg = Debug|x64
		{67F6440C-7D0A-4D5A-B539-7ABEBAAE3ADB}.Debug|x64.Build.0 = Debug|x64
		{67F6440C-7D0A-4D5A-B539-7ABEBAAE3ADB}.Debug|x86.ActiveCfg = Debug|Win32
		{67F6440C-7D0A-4D5A-B539-7ABEBAAE3ADB}.Debug|x86.Build.0 = Debug|Win32
		{67F6440C-7D0A-4D5A-B539-7ABEBAAE3ADB}.Release|x64.ActiveCfg = Release|x64
		{67F6440C-7D0A-4D5A-B539-7ABEBAAE3ADB}.Release|x64.Build.0 = Release|x64
		{67F6440C-7D0A-4D5A-B539-7ABEBAAE3ADB}.Release|x86.ActiveCfg = Release|Win32
		{67F6440C-7D0A-4D5A-B539-7ABEBAAE3ADB}.Release|x86.Build.0 = Release|Win32
		{D86CAB1D-9960-4ABF-B8E0-5ED0A2F496DD}.Debug|x64.ActiveCfg = Debug|x64
		{D86CAB1D-9960-4ABF-B8E0-5ED0A2F496DD}.Debug|x64.Build.0 = Debug|x64
		{D86CAB1D-9960-4ABF-B8E0-5ED0A2F496DD}.Debug|x86.ActiveCfg = Debug|Win32
		{D86CAB1D-9960-4ABF-B8E0-5ED0A2F496DD}.Debug|x86.Build.0 = Debug|Win32
		{D86CAB1D-9960-4ABF-B8E0-5ED0A2F496DD}.Release|x64.ActiveCfg = Release|x64
		{D86CAB1D-9960-4ABF-B8E0-5ED0A2F496DD}.Release|x64.Build.0 = Release|x64
		{D86CAB1D-9960-4ABF-B8E0-5ED0A2F496DD}.Release|x86.ActiveCfg = Release|Win32
		{D86CAB1D-9960-4ABF-B8E0-5ED0A2F496DD}.Release|x86.Build.0 = Release|Win32
		{4BDDC9F5-CF0E-470B-BF1C-7F6C0587735D}.Debug|x64.ActiveCfg = Debug|x64
		{4BDDC9F5-CF0E-470B-BF1C-7F6C0587735D}.Debug|x64.Build.0 = Debug|x64
		{4BDDC9F5-CF0E-470B-BF1C-7F6C0587735D}.Debug|x86.ActiveCfg = Debug|Win32
		{4BDDC9F5-CF0E-470B-BF1C-7F6C0587735D}.Debug|x86.Build.0 = Debug|Win32
		{4BDDC9F5-CF0E-470B-BF1C-7F6C0587735D}.Release|x64.ActiveCfg = Release|x64
		{4BDDC9F5-CF0E-470B-BF1C-7F6C0587735D}.Release|x64.Build.0 = Release|x64
		{4BDDC9F5-CF0E-470B-BF1C-7F6C0587735D}.Release|x86.ActiveCfg = Release|Win32
		{4BDDC9F5-CF0E-470B-BF1C-7F6C0587735D}.Release|x86.Build.0 = Release|Win32
		{DABB261F-8E8F-4D66-BDA3-DAADEF9ACA08}.Debug|x64.ActiveCfg = Debug|x64
		{DABB261F-8E8F-4D66-BDA3-DAADEF9ACA08}.Debug|x64.Build.0 = Debug|x64
		{DABB261F-8E8F-4D66-BDA3-DAADEF9ACA08}.Debug|x86.ActiveCfg = Debug|Win32
		{DABB261F-8E8F-4D66-BDA3-DAADEF9ACA08}.Debug|x86.Build.0 = Debug|Win32
		{DABB261F-8E8F-4D66-BDA3-DAADEF9ACA08}.Release|x64.ActiveCfg = Release|x64
		{DABB261F-8E8F-4D66-BDA3-DAADEF9ACA08}.Release|x64.Build.0 = Release|x64
		{DABB261F-8E8F-4D66-BDA3-DAADEF9ACA08}.Release|x86.ActiveCfg = Release|Win32
		{DABB261F-8E8F-4D66-BDA3-DAADEF9ACA08}.Release|x86.Build.0 = Release|Win32
		{1D3ED959-7401-4105-92AC-1904E39E2A27}.Debug|x64.ActiveCfg = Debug|x64
		{1D3ED959-7401-4105-92AC-1904E39E2A27}.Debug|x64.Build.0 = Debug|x64
		{1D3ED959-7401-4105-92AC-1904E39E2A27}.Debug|x86.ActiveCfg = Debug|Win32
		{1D3ED959-7401-4105-92AC-1904E39E2A27}.Debug|x86.Build.0 = Debug|Win32
		{1D3ED959-7401-4105-92AC-1904E39E2A27}.Release|x64.ActiveCfg = Release|x64
		{1D3ED959-7401-4105-92AC-1904E39E2A27}.Release|x64.Build.0 = Release|x64
		{1D3ED959-7401-4105-92AC-1904E39E2A27}.Release|x86.ActiveCfg = Release|Win32
		{1D3ED959-7401-4105-92AC-1904E39E2A27}.Release|x86.Build.0 = Release|Win32
		{BE582B66-09D0-4296-AFC0-5F6F8871F0F4}.Debug|x64.ActiveCfg = Debug|x64
		{BE582B66-09D0-4296-AFC0-5F6F8871F0F4}.Debug|x64.Build.0 = Debug|x64
		{BE582B66-09D0-4296-AFC0-5F6F8871F0F4}.Debug|x86.ActiveCfg = Debug|Win32
		{BE582B66-09D0-4296-AFC0-5F6F8871F0F4}.Debug|x86.Build.0 = Debug|Win32
		{BE582B66-09D0-4296-AFC0-5F6F8871F0F4}.Release|x64.ActiveCfg = Release|x64
		{BE582B66-09D0-4296-AFC0-5F6F8871F0F4}.Release|x64.Build.0 = Release|x64
		{BE582B66-09D0-4296-AFC0-5F6F8871F0F4}.Release|x86.ActiveCfg = Release|Win32
		{BE582B66-09D0-4296-AFC0-5F6F8871F0F4}.Release|x86.Build.0 = Release|Win32
		{EC026A06-8FD7-40E9-A23A-4DD14AEA25C0}.Debug|x64.ActiveCfg = Debug|x64
		{EC026A06-8FD7-40E9-A23A-4DD14AEA25C0}.Debug|x64.Build.0 = Debug|x64
		{EC026A06-8FD7-40E9-A23A-4DD14AEA25C0}.Debug|x86.ActiveCfg = Debug|Win32
		{EC026A06-8FD7-40E9-A23A-4DD14AEA25C0}.Debug|x86.Build.0 = Debug|Win32
		{EC026A06-8FD7-40E9-A23A-4DD14AEA25C0}.Release|x64.ActiveCfg = Release|x64
		{EC026A06-8FD7-40E9-A23A-4DD14AEA25C0}.Release|x64.Build.0 = Release|x64
		{EC026A06-8FD7-40E9-A23A-4DD14AEA25C0}.Release|x86.ActiveCfg = Release|Win32
		{EC026A06-8FD7-40E9-A23A-4DD14AEA25C0}.Release|x86.Build.0 = Release|Win32
		{E0AFE5B8-7F11-404D-9B6A-96D8D78B805E}.Debug|x64.ActiveCfg = Debug|x64
		{E0AFE5B8-7F11-404D-9B6A-96D8D78B805E}.Debug|x64.Build.0 = Debug|x64
		{E0AFE5B8-7F11-404D-9B6A-96D8D78B805E}.Debug|x86.ActiveCfg = Debug|Win32
		{E0AFE5B8-7F11-404D-9B6A-96D8D78B805E}.Debug|x86.Build.0 = Debug|Win32
		{E0AFE5B8-7F11-404D-9B6A-96D8D78B805E}.Release|x64.ActiveCfg = Release|x64
		{E0AFE5B8-7F11-404D-9B6A-96D8D78B805E}.Release|x64.Build.0 = Release|x64
		{E0AFE5B8-7F11-404D-9B6A-96D8D78B805E}.Release|x86.ActiveCfg = Release|Win32
		{E0AFE5B8-7F11-404D-9B6A-96D8D78B805E}.Release|x86.Build.0 = Release|Win32
		{8AD2A759-0FB4-42B8-B1CC-0F9512122B61}.Debug|x64.ActiveCfg = Debug|x64
		{8AD2A759-0FB4-42B8-B1CC-0F9512122B61}.Debug|x64.Build.0 = Debug|x64
		{8AD2A759-0FB4-42B8-B1CC-0F9512122B61}.Debug|x86.ActiveCfg = Debug|Win32
		{8AD2A759-0FB4-42B8-B1CC-0F9512122B61}.Debug|x86.Build.0 = Debug|Win32
		{8AD2A759-0FB4-42B8-B1CC-0F9512122B61}.Release|x64.ActiveCfg = Release|x64
		{8AD2A759-0FB4-42B8-B1CC-0F9512122B61}.Release|x64.Build.0 = Release|x64
		{8AD2A759-0FB4-42B8-B1CC-0F9512122B61}.Release|x86.ActiveCfg = Release|Win32
		{8AD2A759-0FB4-42B8-B1CC-0F9512122B61}.Release|x86.Build.0 = Release|Win32
		{3A1D27D4-CC26-4DED-B3B7-E7259ED34F8C}.Debug|x64.ActiveCfg = Debug|x64
		{3A1D27D4-CC26-4DED-B3B7-E7259ED34F8C}.Debug|x64.Build.0 = Debug|x64
		{3A1D27D4-CC26-4DED-B3B7-E7259ED34F8C}.Debug|x86.ActiveCfg = Debug|Win32
		{3A1D27D4-CC26-4DED-B3B7-E7259ED34F8C}.Debug|x86.Build.0 = Debug|Win32
		{3A1D27D4-CC26-4DED-B3B7-E7259ED34F8C}.Release|x64.ActiveCfg = Release|x64
		{3A1D27D4-CC26-4DED-B3B7-E7259ED34F8C}.Release|x64.Build.0 = Release|x64
		{3A1D27D4-CC26-4DED-B3B7-E7259ED34F8C}.Release|x86.ActiveCfg = Release|Win32
		{3A1D27D4-CC26-4DED-B3B7-E7259ED34F8C}.Release|x86.Build.0 = Release|Win32
		{56217324-C908-47CE-9474-50ABEEEDD44B}.Debug|x64.ActiveCfg = Debug|x64
		{56217324-C908-47CE-9474-50ABEEEDD44B}.Debug|x64.Build.0 = Debug|x64
		{56217324-C908-47CE-9474-50ABEEEDD44B}.Debug|x86.ActiveCfg = Debug|Win32
		{56217324-C908-47CE-9474-50ABEEEDD44B}.Debug|x86.Build.0 = Debug|Win32
		{56217324-C908-47CE-9474-50ABEEEDD44B}.Release|x64.ActiveCfg = Release|x64
		{56217324-C908-47CE-9474-50ABEEEDD44B}.Release|x64.Build.0 = Release|x64
		{56217324-C908-47CE-9474-50ABEEEDD44B}.Release|x86.ActiveCfg = Release|Win32
		{56217324-C908-47CE-9474-50ABEEEDD44B}.Release|x86.Build.0 = Release|Win32
		{025AC27F-FBAB-4D0D-8126-E7C78D74F2E5}.Debug|x64.ActiveCfg = Debug|x64
		{025AC27F-FBAB-4D0D-8126-E7C78D74F2E5}.Debug|x64.Build.0 = Debug|x64
		{025AC27F-FBAB-4D0D-8126-E7C78D74F2E5}.Debug|x86.ActiveCfg = Debug|Win32
		{025AC27F-FBAB-4D0D-8126-E7C78D74F2E5}.Debug|x86.Build.0 = Debug|Win32
		{025AC27F-FBAB-4D0D-8126-E7C78D74F2E5}.Release|x64.ActiveCfg = Release|x64
		{025AC27F-FBAB-4D0D-8126-E7C78D74F2E5}.Release|x64.Build.0 = Release|x64
		{025AC27F-FBAB-4D0D-8126-E7C78D74F2E5}.Release|x86.ActiveCfg = Release|Win32
		{025AC27F-FBAB-4D0D-8126-E7C78D74F2E5}.Release|x86.Build.0 = Release|Win32
		{6AA8D1FF-6FC0-4AC9-A625-A3C20BF16283}.Debug|x64.ActiveCfg = Debug|x64
		{6AA8D1FF-6FC0-4AC9-A625-A3C20BF16283}.Debug|x64.Build.0 = Debug|x64
		{6AA8D1FF-6FC0-4AC9-A625-A3C20BF16283}.Debug|x86.ActiveCfg = Debug|Win32
		{6AA8D1FF-6FC0-4AC9-A625-A3C20BF16283}.Debug|x86.Build.0 = Debug|Win32
		{6AA8D1FF-6FC0-4AC9-A625-A3C20BF16283}.Release|x64.ActiveCfg = Release|x64
		{6AA8D1FF-6FC0-4AC9-A625-A3C20BF16283}.Release|x64.Build.0 = Release|x64
		{6AA8D1FF-6FC0-4AC9-A625-A3C20BF16283}.Release|x86.ActiveCfg = Release|Win32
		{6AA8D1FF-6FC0-4AC9-A625-A3C20BF16283}.Release|x86.Build.0 = Release|Win32
		{60C4201C-99B0-4F11-9B08-C1718ABE6F48}.Debug|x64.ActiveCfg = Debug|x64
		{60C4201C-99B0-4F11-9B08-C1718ABE6F48}.Debug|x64.Build.0 = Debug|x64
		{60C4201C-99B0-4F11-9B08-C1718ABE6F48}.Debug|x86.ActiveCfg = Debug|Win32
		{60C4201C-99B0-4F11-9B08-C1718ABE6F48}.Debug|x86.Build.0 = Debug|Win32
		{60C4201C-99B0-4F11-9B08-C1718ABE6F48}.Release|x64.ActiveCfg = Release|x64
		{60C4201C-99B0-4F11-9B08-C1718ABE6F48}.Release|x64.Build.0 = Release|x64
		{60C4201C-99B0-4F11-9B08-C1718ABE6F48}.Release|x86.ActiveCfg = Release|Win32
		{60C4201C-99B0-4F11-9B08-C1718ABE6F48}.Release|x86.Build.0 = Release|Win32
		{6DA2B8D7-B4FD-4BCD-B583-EB593749E3E1}.Debug|x64.ActiveCfg = Debug|x64
		{6DA2B8D7-B4FD-4BCD-B583-EB593749E3E1}.Debug|x64.Build.0 = Debug|x64
		{6DA2B8D7-B4FD-4BCD-B583-EB593749E3E1}.Debug|x86.ActiveCfg = Debug|Win32
		{6DA2B8D7-B4FD-4BCD-B583-EB593749E3E1}.Debug|x86.Build.0 = Debug|Win32
		{6DA2B8D7-B4FD-4BCD-B583-EB593749E3E1}.Release|x64.ActiveCfg = Release|x64
		{6DA2B8D7-B4FD-4BCD-B583-EB593749E3E1}.Release|x64.Build.0 = Release|x64
		{6DA2B8D7-B4FD-4BCD-B583-EB593749E3E1}.Release|x86.ActiveCfg = Release|Win32
		{6DA2B8D7-B4FD-4BCD-B583-EB593749E3E1}.Release|x86.Build.0 = Release|Win32
		{0949E6DA-2E2A-4A8D-9E62-362A6F2FF14E}.Debug|x64.ActiveCfg = Debug|x64
		{0949E6DA-2E2A-4A8D-9E62-362A6F2FF14E}.Debug|x64.Build.0 = Debug|x64
		{0949E6DA-2E2A-4A8D-9E62-362A6F2FF14E}.Debug|x86.ActiveCfg = Debug|Win32
		{0949E6DA-2E2A-4A8D-9E62-362A6F2FF14E}.Debug|x86.Build.0 = Debug|Win32
		{0949E6DA-2E2A-4A8D-9E62-362A6F2FF14E}.Release|x64.ActiveCfg = Release|x64
		{0949E6DA-2E2A-4A8D-9E62-362A6F2FF14E}.Release|x64.Build.0 = Release|x64
		{0949E6DA-2E2A-4A8D-9E62-362A6F2FF14E}.Release|x86.ActiveCfg = Release|Win32
		{0949E6DA-2E2A-4A8D-9E62-362A6F2FF14E}.Release|x86.Build.0 = Release|Win32
		{A5075CEB-0775-4D8D-91F9-F3E872387FE7}.Debug|x64.ActiveCfg = Debug|x64
		{A5075CEB-0775-4D8D-91F9-F3E872387FE7}.Debug|x64.Build.0 = Debug|x64
		{A5075CEB-0775-4D8D-91F9-F3E872387FE7}.Debug|x86.ActiveCfg = Debug|Win32
		{A5075CEB-0775-4D8D-91F9-F3E872387FE7}.Debug|x86.Build.0 = Debug|Win32
		{A5075CEB-0775-4D8D-91F9-F3E872387FE7}.Release|x64.ActiveCfg = Release|x64
		{A5075CEB-0775-4D8D-91F9-F3E872387FE7}.Release|x64.Build.0 = Release|x64
		{A5075CEB-0775-4D8D-91F9-F3E872387FE7}.Release|x86.ActiveCfg = Release|Win32
		{A5075CEB-0775-4D8D-91F9-F3E872387FE7}.Release|x86.Build.0 = Release|Win32
		{6A9EB877-E218-4071-862C-D313E188A7AB}.Debug|x64.ActiveCfg = Debug|x64
		{6A9EB877-E218-4071-862C-D313E188A7AB}.Debug|x64.Build.0 = Debug|x64
		{6A9EB877-E218-4071-862C-D313E188A7AB}.Debug|x86.ActiveCfg = Debug|Win32
		{6A9EB877-E218-4071-862C-D313E188A7AB}.Debug|x86.Build.0 = Debug|Win32
		{6A9EB877-E218-4071-862C-D313E188A7AB}.Release|x64.ActiveCfg = Release|x64
		{6A9EB877-E218-4071-862C-D313E188A7AB}.Release|x64.Build.0 = Release|x64
		{6A9EB877-E218-4071-862C-D313E188A7AB}.Release|x86.ActiveCfg = Release|Win32
		{6A9EB877-E218-4071-862C-D313E188A7AB}.Release|x86.Build.0 = Release|Win32
		{0AD775FC-67EC-428C-82B4-9E175087A2F1}.Debug|x64.ActiveCfg = Debug|x64
		{0AD775FC-67EC-428C-82B4-9E175087A2F1}.Debug|x64.Build.0 = Debug|x64
		{0AD775FC-67EC-428C-82B4-9E175087A2F1}.Debug|x86.ActiveCfg = Debug|Win32
		{0AD775FC-67EC-428C-82B4-9E175087A2F1}.Debug|x86.Build.0 = Debug|Win32
		{0AD775FC-67EC-428C-82B4-9E175087A2F1}.Release|x64.ActiveCfg = Release|x64
		{0AD775FC-67EC-428C-82B4-9E175087A2F1}.Release|x64.Build.0 = Release|x64
		{0AD775FC-67EC-428C-82B4-9E175087A2F1}.Release|x86.ActiveCfg = Release|Win32
		{0AD775FC-67EC-428C-82B4-9E175087A2F1}.Release|x86.Build.0 = Release|Win32
		{0E928E57-CCB6-4C9C-B93D-B0F4A5179B04}.Debug|x64.ActiveCfg = Debug|x64
		{0E928E57-CCB6-4C9C-B93D-B0F4A5179B04}.Debug|x64.Build.0 = Debug|x64
		{0E928E57-CCB6-4C9C-B93D-B0F4A5179B04}.Debug|x86.ActiveCfg = Debug|Win32
		{0E928E57-CCB6-4C9C-B93D-B0F4A5179B04}.Debug|x86.Build.0 = Debug|Win32
		{0E928E57-CCB6-4C9C-B93D-B0F4A5179B04}.Release|x64.ActiveCfg = Release|x64
		{0E928E57-CCB6-4C9C-B93D-B0F4A5179B04}.Release|x64.Build.0 = Release|x64
		{0E928E57-CCB6-4C9C-B93D-B0F4A5179B04}.Release|x86.ActiveCfg = Release|Win32
		{0E928E57-CCB6-4C9C-B93D-B0F4A5179B04}.Release|x86.Build.0 = Release|Win32
		{71B58934-95DC-47CF-9E9D-25CFC76960B2}.Debug|x64.ActiveCfg = Debug|x64
		{71B58934-95DC-47CF-9E9D-25CFC76960B2}.Debug|x64.Build.0 = Debug|x64
		{71B58934-95DC-47CF-9E9D-25CFC76960B2}.Debug|x86.ActiveCfg = Debug|Win32
		{71B58934-95DC-47CF-9E9D-25CFC76960B2}.Debug|x86.Build.0 = Debug|Win32
		{71B58934-95DC-47CF-9E9D-25CFC76960B2}.Release|x64.ActiveCfg = Release|x64
		{71B58934-95DC-47CF-9E9D-25CFC76960B2}.Release|x64.Build.0 = Release|x64
		{71B58934-95DC-47CF-9E9D-25CFC76960B2}.Release|x86.ActiveCfg = Release|Win32
		{71B58934-95DC-47CF-9E9D-25CFC76960B2}.Release|x86.Build.0 = Release|Win32
		{D9381943-8C52-414F-90E4-AECB95061C97}.Debug|x64.ActiveCfg = Debug|x64
		{D9381943-8C52-414F-90E4-AECB95061C97}.Debug|x64.Build.0 = Debug|x64
		{D9381943-8C52-414F-90E4-AECB95061C97}.Debug|x86.ActiveCfg = Debug|Win32
		{D9381943-8C52-414F-90E4-AECB95061C97}.Debug|x86.Build.0 = Debug|Win32
		{D9381943-8C52-414F-90E4-AECB95061C97}.Release|x64.ActiveCfg = Release|x64
		{D9381943-8C52-414F-90E4-AECB95061C97}.Release|x64.Build.0 = Release|x64
		{D9381943-8C52-414F-90E4-AECB95061C97}.Release|x86.ActiveCfg = Release|Win32
		{D9381943-8C52-414F-90E4-AECB95061C97}.Release|x86.Build.0 = Release|Win32
		{03A8C2F3-7D4E-4F81-B2C1-0047E8D13A40}.Debug|x64.ActiveCfg = Debug|x64
		{03A8C2F3-7D4E-4F81-B2C1-0047E8D13A40}.Debug|x64.Build.0 = Debug|x64
		{03A8C2F3-7D4E-4F81-B2C1-0047E8D13A40}.Debug|x86.ActiveCfg = Debug|Win32
		{03A8C2F3-7D4E-4F81-B2C1-0047E8D13A40}.Debug|x86.Build.0 = Debug|Win32
		{03A8C2F3-7D4E-4F81-B2C1-0047E8D13A40}.Release|x64.ActiveCfg = Release|x64
		{03A8C2F3-7D4E-4F81-B2C1-0047E8D13A40}.Release|x64.Build.0 = Release|x64
		{03A8C2F3-7D4E-4F81-B2C1-0047E8D13A40}.Release|x86.ActiveCfg = Release|Win32
		{03A8C2F3-7D4E-4F81-B2C1-0047E8D13A40}.Release|x86.Build.0 = Release|Win32
	EndGlobalSection
	GlobalSection(SolutionProperties) = preSolution
		HideSolutionNode = FALSE
	EndGlobalSection
	GlobalSection(ExtensibilityGlobals) = postSolution
		SolutionGuid = {065045E8-0B3C-407D-B670-30429ADD7F48}
	EndGlobalSection
EndGlobal
